
Microsoft Visual Studio Solution File, Format Version 12.00
# Visual Studio 2012
# SharpDevelop 4.4
VisualStudioVersion = 14.0.22013.1
MinimumVisualStudioVersion = 10.0.40219.1
Project("{FAE04EC0-301F-11D3-BF4B-00C04F79EFBC}") = "fastxcel", "fastxcel.csproj", "{748AB3C2-09D7-409A-8BD0-8387E72EB242}"
EndProject
Project("{FAE04EC0-301F-11D3-BF4B-00C04F79EFBC}") = "ICSharpCode.SharpZLib", "..\FastZip\src\ICSharpCode.SharpZLib.csproj", "{0E7413FF-EB9E-4714-ACF2-BE3A6A7B2FFD}"
EndProject
Project("{FAE04EC0-301F-11D3-BF4B-00C04F79EFBC}") = "test", "test\test.csproj", "{60827D9E-6EF9-44CE-BDD5-54E0C60D54DA}"
EndProject
Global
	GlobalSection(SolutionConfigurationPlatforms) = preSolution
		Debug|Any CPU = Debug|Any CPU
		Release|Any CPU = Release|Any CPU
	EndGlobalSection
	GlobalSection(ProjectConfigurationPlatforms) = postSolution
		{748AB3C2-09D7-409A-8BD0-8387E72EB242}.Debug|Any CPU.ActiveCfg = Debug|Any CPU
		{748AB3C2-09D7-409A-8BD0-8387E72EB242}.Debug|Any CPU.Build.0 = Debug|Any CPU
		{748AB3C2-09D7-409A-8BD0-8387E72EB242}.Release|Any CPU.ActiveCfg = Release|Any CPU
		{748AB3C2-09D7-409A-8BD0-8387E72EB242}.Release|Any CPU.Build.0 = Release|Any CPU
		{0E7413FF-EB9E-4714-ACF2-BE3A6A7B2FFD}.Debug|Any CPU.ActiveCfg = Debug|Any CPU
		{0E7413FF-EB9E-4714-ACF2-BE3A6A7B2FFD}.Debug|Any CPU.Build.0 = Debug|Any CPU
		{0E7413FF-EB9E-4714-ACF2-BE3A6A7B2FFD}.Release|Any CPU.ActiveCfg = Release|Any CPU
		{0E7413FF-EB9E-4714-ACF2-BE3A6A7B2FFD}.Release|Any CPU.Build.0 = Release|Any CPU
		{60827D9E-6EF9-44CE-BDD5-54E0C60D54DA}.Debug|Any CPU.Build.0 = Debug|Any CPU
		{60827D9E-6EF9-44CE-BDD5-54E0C60D54DA}.Debug|Any CPU.ActiveCfg = Debug|Any CPU
		{60827D9E-6EF9-44CE-BDD5-54E0C60D54DA}.Release|Any CPU.Build.0 = Release|Any CPU
		{60827D9E-6EF9-44CE-BDD5-54E0C60D54DA}.Release|Any CPU.ActiveCfg = Release|Any CPU
	EndGlobalSection
	GlobalSection(SolutionProperties) = preSolution
		HideSolutionNode = FALSE
	EndGlobalSection
EndGlobal
